lockfile_version: '1'
generated_at: '2026-03-22T17:08:53.418051+00:00'
apm_version: 0.8.4
dependencies:
- repo_url: danielmeppiel/handbook-agents
  host: github.com
  resolved_commit: 103d2e75904c25e170433dee2b670b5556e987fe
  package_type: apm_package
  deployed_files:
  - .github/agents/chief-editor.agent.md
  - .github/agents/csuite-strategist.agent.md
  - .github/agents/cto-proxy.agent.md
  - .github/agents/dev-lead-proxy.agent.md
  - .github/agents/fact-ref-checker.agent.md
  - .github/agents/illustrator.agent.md
  - .github/agents/market-analyst.agent.md
  - .github/agents/platform-strategist.agent.md
  - .github/agents/practitioner-authority.agent.md
  - .github/agents/publishing-advisor.agent.md
  - .github/agents/thought-leadership.agent.md
  - .github/skills/handbook-panel
  content_hash: sha256:2a2758559fd632c839f1e55e5990e4d3363e6d455f1eba1ed2fd760aeedce960
